
Microsoft Visual Studio Solution File, Format Version 12.00
# Visual Studio Version 17
VisualStudioVersion = 17.9.34616.47
MinimumVisualStudioVersion = 10.0.40219.1
Project("{FAE04EC0-301F-11D3-BF4B-00C04F79EFBC}") = "AccesoDatos", "AccesoDatos\AccesoDatos.csproj", "{6677221F-0A86-4F27-B2FF-4CE39A7A0946}"
EndProject
Project("{FAE04EC0-301F-11D3-BF4B-00C04F79EFBC}") = "Datos", "Datos\Datos.csproj", "{C2AC2BAF-FAB6-4827-8394-E08A636F1DA1}"
EndProject
Project("{FAE04EC0-301F-11D3-BF4B-00C04F79EFBC}") = "APIREST", "APIREST\APIREST.csproj", "{F0E3CC6D-86F9-4420-867F-003171B8EFB1}"
EndProject
Project("{FAE04EC0-301F-11D3-BF4B-00C04F79EFBC}") = "Negocio", "Negocio\Negocio.csproj", "{A22FF67B-3C19-4B59-9C1F-C581C2B88574}"
EndProject
Project("{FAE04EC0-301F-11D3-BF4B-00C04F79EFBC}") = "prueba", "prueba\prueba.csproj", "{C1763518-AEAD-48C8-A6AE-2DC3EB92B0D5}"
EndProject
Global
	GlobalSection(SolutionConfigurationPlatforms) = preSolution
		Debug|Any CPU = Debug|Any CPU
		Release|Any CPU = Release|Any CPU
	EndGlobalSection
	GlobalSection(ProjectConfigurationPlatforms) = postSolution
		{6677221F-0A86-4F27-B2FF-4CE39A7A0946}.Debug|Any CPU.ActiveCfg = Debug|Any CPU
		{6677221F-0A86-4F27-B2FF-4CE39A7A0946}.Debug|Any CPU.Build.0 = Debug|Any CPU
		{6677221F-0A86-4F27-B2FF-4CE39A7A0946}.Release|Any CPU.ActiveCfg = Release|Any CPU
		{6677221F-0A86-4F27-B2FF-4CE39A7A0946}.Release|Any CPU.Build.0 = Release|Any CPU
		{C2AC2BAF-FAB6-4827-8394-E08A636F1DA1}.Debug|Any CPU.ActiveCfg = Debug|Any CPU
		{C2AC2BAF-FAB6-4827-8394-E08A636F1DA1}.Debug|Any CPU.Build.0 = Debug|Any CPU
		{C2AC2BAF-FAB6-4827-8394-E08A636F1DA1}.Release|Any CPU.ActiveCfg = Release|Any CPU
		{C2AC2BAF-FAB6-4827-8394-E08A636F1DA1}.Release|Any CPU.Build.0 = Release|Any CPU
		{F0E3CC6D-86F9-4420-867F-003171B8EFB1}.Debug|Any CPU.ActiveCfg = Debug|Any CPU
		{F0E3CC6D-86F9-4420-867F-003171B8EFB1}.Debug|Any CPU.Build.0 = Debug|Any CPU
		{F0E3CC6D-86F9-4420-867F-003171B8EFB1}.Release|Any CPU.ActiveCfg = Release|Any CPU
		{F0E3CC6D-86F9-4420-867F-003171B8EFB1}.Release|Any CPU.Build.0 = Release|Any CPU
		{A22FF67B-3C19-4B59-9C1F-C581C2B88574}.Debug|Any CPU.ActiveCfg = Debug|Any CPU
		{A22FF67B-3C19-4B59-9C1F-C581C2B88574}.Debug|Any CPU.Build.0 = Debug|Any CPU
		{A22FF67B-3C19-4B59-9C1F-C581C2B88574}.Release|Any CPU.ActiveCfg = Release|Any CPU
		{A22FF67B-3C19-4B59-9C1F-C581C2B88574}.Release|Any CPU.Build.0 = Release|Any CPU
		{C1763518-AEAD-48C8-A6AE-2DC3EB92B0D5}.Debug|Any CPU.ActiveCfg = Debug|Any CPU
		{C1763518-AEAD-48C8-A6AE-2DC3EB92B0D5}.Debug|Any CPU.Build.0 = Debug|Any CPU
		{C1763518-AEAD-48C8-A6AE-2DC3EB92B0D5}.Release|Any CPU.ActiveCfg = Release|Any CPU
		{C1763518-AEAD-48C8-A6AE-2DC3EB92B0D5}.Release|Any CPU.Build.0 = Release|Any CPU
	EndGlobalSection
	GlobalSection(SolutionProperties) = preSolution
		HideSolutionNode = FALSE
	EndGlobalSection
	GlobalSection(ExtensibilityGlobals) = postSolution
		SolutionGuid = {3F797D05-52C5-46E4-BB4F-1974FA04D010}
	EndGlobalSection
EndGlobal
